
Microsoft Visual Studio Solution File, Format Version 12.00
# Visual Studio Version 16
VisualStudioVersion = 16.0.30104.148
MinimumVisualStudioVersion = 10.0.40219.1
Project("{FAE04EC0-301F-11D3-BF4B-00C04F79EFBC}") = "weblogin", "weblogin\weblogin.csproj", "{E6EE5F34-2F91-44C6-B8E4-D96CA9B5C4ED}"
EndProject
Global
	GlobalSection(SolutionConfigurationPlatforms) = preSolution
		Debug|Any CPU = Debug|Any CPU
		Release|Any CPU = Release|Any CPU
	EndGlobalSection
	GlobalSection(ProjectConfigurationPlatforms) = postSolution
		{E6EE5F34-2F91-44C6-B8E4-D96CA9B5C4ED}.Debug|Any CPU.ActiveCfg = Debug|Any CPU
		{E6EE5F34-2F91-44C6-B8E4-D96CA9B5C4ED}.Debug|Any CPU.Build.0 = Debug|Any CPU
		{E6EE5F34-2F91-44C6-B8E4-D96CA9B5C4ED}.Release|Any CPU.ActiveCfg = Release|Any CPU
		{E6EE5F34-2F91-44C6-B8E4-D96CA9B5C4ED}.Release|Any CPU.Build.0 = Release|Any CPU
	EndGlobalSection
	GlobalSection(SolutionProperties) = preSolution
		HideSolutionNode = FALSE
	EndGlobalSection
	GlobalSection(ExtensibilityGlobals) = postSolution
		SolutionGuid = {F3052EC6-6832-4F80-9ECA-CBC55258D9CD}
	EndGlobalSection
EndGlobal
